
Microsoft Visual Studio Solution File, Format Version 12.00
# Visual Studio Version 17
VisualStudioVersion = 17.11.35327.3
MinimumVisualStudioVersion = 10.0.40219.1
Project("{FAE04EC0-301F-11D3-BF4B-00C04F79EFBC}") = "IS23_F1", "IS23_F1\IS23_F1.csproj", "{5204FD6C-8D81-4278-B5E9-3B8FE6088645}"
EndProject
Project("{FAE04EC0-301F-11D3-BF4B-00C04F79EFBC}") = "IS23_F2", "IS23_F2\IS23_F2.csproj", "{BF95D2BE-BB9E-407F-9414-67381A67F840}"
EndProject
Project("{FAE04EC0-301F-11D3-BF4B-00C04F79EFBC}") = "IS23_F3", "IS23_F3\IS23_F3.csproj", "{7A14035A-9B77-4CF1-9CCB-0545BF273DDE}"
EndProject
Project("{FAE04EC0-301F-11D3-BF4B-00C04F79EFBC}") = "IS23_F4", "IS23_F4\IS23_F4.csproj", "{1C09FB4A-C714-4EFA-A3BC-DBB9BC5EB5E2}"
EndProject
Project("{FAE04EC0-301F-11D3-BF4B-00C04F79EFBC}") = "IS23_F5", "IS23_F5\IS23_F5.csproj", "{46E9EE5B-CB17-481D-A48F-0986F0CB71CE}"
EndProject
Global
	GlobalSection(SolutionConfigurationPlatforms) = preSolution
		Debug|Any CPU = Debug|Any CPU
		Release|Any CPU = Release|Any CPU
	EndGlobalSection
	GlobalSection(ProjectConfigurationPlatforms) = postSolution
		{5204FD6C-8D81-4278-B5E9-3B8FE6088645}.Debug|Any CPU.ActiveCfg = Debug|Any CPU
		{5204FD6C-8D81-4278-B5E9-3B8FE6088645}.Debug|Any CPU.Build.0 = Debug|Any CPU
		{5204FD6C-8D81-4278-B5E9-3B8FE6088645}.Release|Any CPU.ActiveCfg = Release|Any CPU
		{5204FD6C-8D81-4278-B5E9-3B8FE6088645}.Release|Any CPU.Build.0 = Release|Any CPU
		{BF95D2BE-BB9E-407F-9414-67381A67F840}.Debug|Any CPU.ActiveCfg = Debug|Any CPU
		{BF95D2BE-BB9E-407F-9414-67381A67F840}.Debug|Any CPU.Build.0 = Debug|Any CPU
		{BF95D2BE-BB9E-407F-9414-67381A67F840}.Release|Any CPU.ActiveCfg = Release|Any CPU
		{BF95D2BE-BB9E-407F-9414-67381A67F840}.Release|Any CPU.Build.0 = Release|Any CPU
		{7A14035A-9B77-4CF1-9CCB-0545BF273DDE}.Debug|Any CPU.ActiveCfg = Debug|Any CPU
		{7A14035A-9B77-4CF1-9CCB-0545BF273DDE}.Debug|Any CPU.Build.0 = Debug|Any CPU
		{7A14035A-9B77-4CF1-9CCB-0545BF273DDE}.Release|Any CPU.ActiveCfg = Release|Any CPU
		{7A14035A-9B77-4CF1-9CCB-0545BF273DDE}.Release|Any CPU.Build.0 = Release|Any CPU
		{1C09FB4A-C714-4EFA-A3BC-DBB9BC5EB5E2}.Debug|Any CPU.ActiveCfg = Debug|Any CPU
		{1C09FB4A-C714-4EFA-A3BC-DBB9BC5EB5E2}.Debug|Any CPU.Build.0 = Debug|Any CPU
		{1C09FB4A-C714-4EFA-A3BC-DBB9BC5EB5E2}.Release|Any CPU.ActiveCfg = Release|Any CPU
		{1C09FB4A-C714-4EFA-A3BC-DBB9BC5EB5E2}.Release|Any CPU.Build.0 = Release|Any CPU
		{46E9EE5B-CB17-481D-A48F-0986F0CB71CE}.Debug|Any CPU.ActiveCfg = Debug|Any CPU
		{46E9EE5B-CB17-481D-A48F-0986F0CB71CE}.Debug|Any CPU.Build.0 = Debug|Any CPU
		{46E9EE5B-CB17-481D-A48F-0986F0CB71CE}.Release|Any CPU.ActiveCfg = Release|Any CPU
		{46E9EE5B-CB17-481D-A48F-0986F0CB71CE}.Release|Any CPU.Build.0 = Release|Any CPU
	EndGlobalSection
	GlobalSection(SolutionProperties) = preSolution
		HideSolutionNode = FALSE
	EndGlobalSection
	GlobalSection(ExtensibilityGlobals) = postSolution
		SolutionGuid = {24195141-04C7-4ACE-89A5-78534AF657C6}
	EndGlobalSection
EndGlobal
