
Microsoft Visual Studio Solution File, Format Version 12.00
# Visual Studio Version 17
VisualStudioVersion = 17.11.35327.3
MinimumVisualStudioVersion = 10.0.40219.1
Project("{FAE04EC0-301F-11D3-BF4B-00C04F79EFBC}") = "23_Krasnikov", "23_Krasnikov\23_Krasnikov.csproj", "{C0C2C02C-799C-4631-B012-186CDEC674B7}"
EndProject
Project("{FAE04EC0-301F-11D3-BF4B-00C04F79EFBC}") = "23_Krasnikov2", "23_Krasnikov2\23_Krasnikov2.csproj", "{7B131D8E-2BCA-40F3-BFA5-0FE505189C27}"
EndProject
Project("{FAE04EC0-301F-11D3-BF4B-00C04F79EFBC}") = "23_Krasnikov3", "23_Krasnikov3\23_Krasnikov3.csproj", "{A624B295-44CF-4ED0-9B9A-14169C67D8AF}"
EndProject
Project("{FAE04EC0-301F-11D3-BF4B-00C04F79EFBC}") = "23_Krasnikov4", "23_Krasnikov4\23_Krasnikov4.csproj", "{021E90E0-CC0D-4B20-B35B-3452C469DAC5}"
EndProject
Project("{FAE04EC0-301F-11D3-BF4B-00C04F79EFBC}") = "23_Krasnikov5", "23_Krasnikov5\23_Krasnikov5.csproj", "{32A03640-071F-4087-92A0-D30256DBDA95}"
EndProject
Global
	GlobalSection(SolutionConfigurationPlatforms) = preSolution
		Debug|Any CPU = Debug|Any CPU
		Release|Any CPU = Release|Any CPU
	EndGlobalSection
	GlobalSection(ProjectConfigurationPlatforms) = postSolution
		{C0C2C02C-799C-4631-B012-186CDEC674B7}.Debug|Any CPU.ActiveCfg = Debug|Any CPU
		{C0C2C02C-799C-4631-B012-186CDEC674B7}.Debug|Any CPU.Build.0 = Debug|Any CPU
		{C0C2C02C-799C-4631-B012-186CDEC674B7}.Release|Any CPU.ActiveCfg = Release|Any CPU
		{C0C2C02C-799C-4631-B012-186CDEC674B7}.Release|Any CPU.Build.0 = Release|Any CPU
		{7B131D8E-2BCA-40F3-BFA5-0FE505189C27}.Debug|Any CPU.ActiveCfg = Debug|Any CPU
		{7B131D8E-2BCA-40F3-BFA5-0FE505189C27}.Debug|Any CPU.Build.0 = Debug|Any CPU
		{7B131D8E-2BCA-40F3-BFA5-0FE505189C27}.Release|Any CPU.ActiveCfg = Release|Any CPU
		{7B131D8E-2BCA-40F3-BFA5-0FE505189C27}.Release|Any CPU.Build.0 = Release|Any CPU
		{A624B295-44CF-4ED0-9B9A-14169C67D8AF}.Debug|Any CPU.ActiveCfg = Debug|Any CPU
		{A624B295-44CF-4ED0-9B9A-14169C67D8AF}.Debug|Any CPU.Build.0 = Debug|Any CPU
		{A624B295-44CF-4ED0-9B9A-14169C67D8AF}.Release|Any CPU.ActiveCfg = Release|Any CPU
		{A624B295-44CF-4ED0-9B9A-14169C67D8AF}.Release|Any CPU.Build.0 = Release|Any CPU
		{021E90E0-CC0D-4B20-B35B-3452C469DAC5}.Debug|Any CPU.ActiveCfg = Debug|Any CPU
		{021E90E0-CC0D-4B20-B35B-3452C469DAC5}.Debug|Any CPU.Build.0 = Debug|Any CPU
		{021E90E0-CC0D-4B20-B35B-3452C469DAC5}.Release|Any CPU.ActiveCfg = Release|Any CPU
		{021E90E0-CC0D-4B20-B35B-3452C469DAC5}.Release|Any CPU.Build.0 = Release|Any CPU
		{32A03640-071F-4087-92A0-D30256DBDA95}.Debug|Any CPU.ActiveCfg = Debug|Any CPU
		{32A03640-071F-4087-92A0-D30256DBDA95}.Debug|Any CPU.Build.0 = Debug|Any CPU
		{32A03640-071F-4087-92A0-D30256DBDA95}.Release|Any CPU.ActiveCfg = Release|Any CPU
		{32A03640-071F-4087-92A0-D30256DBDA95}.Release|Any CPU.Build.0 = Release|Any CPU
	EndGlobalSection
	GlobalSection(SolutionProperties) = preSolution
		HideSolutionNode = FALSE
	EndGlobalSection
	GlobalSection(ExtensibilityGlobals) = postSolution
		SolutionGuid = {3B81FED5-B5E4-43F9-940F-F4A1D44FEDD5}
	EndGlobalSection
EndGlobal
